
Microsoft Visual Studio Solution File, Format Version 12.00
# Visual Studio Version 16
VisualStudioVersion = 16.0.31410.357
MinimumVisualStudioVersion = 10.0.40219.1
Project("{FAE04EC0-301F-11D3-BF4B-00C04F79EFBC}") = "MessageApp", "MessageApp.csproj", "{FA04B3AF-B40C-4673-88FD-BEB57DFD6B23}"
EndProject
Global
	GlobalSection(SolutionConfigurationPlatforms) = preSolution
		Debug|Any CPU = Debug|Any CPU
		Release|Any CPU = Release|Any CPU
	EndGlobalSection
	GlobalSection(ProjectConfigurationPlatforms) = postSolution
		{FA04B3AF-B40C-4673-88FD-BEB57DFD6B23}.Debug|Any CPU.ActiveCfg = Debug|Any CPU
		{FA04B3AF-B40C-4673-88FD-BEB57DFD6B23}.Debug|Any CPU.Build.0 = Debug|Any CPU
		{FA04B3AF-B40C-4673-88FD-BEB57DFD6B23}.Release|Any CPU.ActiveCfg = Release|Any CPU
		{FA04B3AF-B40C-4673-88FD-BEB57DFD6B23}.Release|Any CPU.Build.0 = Release|Any CPU
	EndGlobalSection
	GlobalSection(SolutionProperties) = preSolution
		HideSolutionNode = FALSE
	EndGlobalSection
	GlobalSection(ExtensibilityGlobals) = postSolution
		SolutionGuid = {F8AC051B-AAEC-4A3C-8091-1002640B94E7}
	EndGlobalSection
EndGlobal
